version: 1
checksums:
  4188a166aad2705b4f09401f924502ed:
    greeting: e5c4880fef990edc98e20db92aff718d
  65f0b2bcf7f26084eccbea1631cf7828:
    redirect_message: e71b14ef41aebca0781a5ec9446f5cb5
    login/title: cf132cc042537b183302321371d40278
    login/description: c2dab1cebb9e0b7304240eb2c82bde97
    login/email_label: 3855bcad6a9d3a916507480f703880ae
    login/email_placeholder: 6ee18a3ac1b05dec8a624b33ecd26756
    login/password_label: 1706207234f605126ecacbc59556e972
    login/submit_button: 064454737f97081703813464fd6a7e61
    login/forgot_password_link: 707454f0ef158b81060a11f2d9cbce57
    login/proceed_button: f4f219abeb5a465ecb1c7efaf50246de
    login/sign_in_google: f84b1b8574fb23734c002b401cad49e2
    login/sign_in_passkey: 52d426521930c4c529b894cfbb4953e2
    login/enterprises: a933348763c26d1f9a726e4fe6794d0c
    login/register_text: 613efdc05ae6d04b7136d199645c56ac
    login/register_link: f302c44821363b07f9852038af927b06
    login/errors/email_required: 26c1cc9143c4863de2601fa704aa81e5
    login/errors/email_invalid: 8de4bc8832b11b380bc4cbcedc16e48b
    login/problems/text: 4d2d8e6f53d9ef513c0427d479a2bcda
    login/problems/get_help_link: b055bf36dfa6e856d498314b57c96b13
    login/problems/or: 7b133c38bec0d5ee23cc6bcf9a8de50b
    login/problems/contact_support_link: 538ed71c00a2a3883be9548f9b7c5bfb
    login/dashboard_hint/text: 40f7378b35f44743a961920c80658e2b
    login/dashboard_hint/link: d77be88efce2319f0371fa6fb84445da
    login/dashboard_hint/dismiss_label: 93d48adaf3a7a7de5ebfa09090d2e6fa
    footer/privacy_policy: 7459744a63ef8af4e517a09024bd7c08
    footer/terms_of_service: 5add91f519e39025708e54a7eb7a9fc5
    magic_link/title: 0d65c5276c4760655fb873a81a237151
    magic_link/description: 23af875949b36d66a16865a692ca4727
    magic_link/cta: a6efa97d25e36fedc0af794f6ba610f2
    magic_link/errors/incomplete: cc65343e652bea9593c0571f67dca5f7
    magic_link/errors/invalid: 27e8a63b3bf104eb00bcd0a2452b9cc3
    magic_link/errors/expired: 25a2cc430a8f3ed858ac64ae7fed9bc7
    magic_link/errors/browser_mismatch: c9245855d93a09c8f9bbcac878a7b2b5
    magic_link/errors/account_missing: 5ec3a1ea20ac2f6d0d604d148b792d68
    magic_link/errors/unknown: a0ffabd6b2aea008482e82ed95e2a2b2
    magic_link/page/title: fec6d58bdfcb214e413421f22311da89
    magic_link/page/request_id: da54914e6fc6d7a046a8c089c46be2fb
    magic_link/page/back_to_login: 6bcc9859839f32dc2b4295e1565919a4
    magic_link/page/contact_support: 32a4dee2033635e334a5f4d34724e3e0
    verify/errors/invalid: c506c5239b5fa1af7e906435707e8ff1
    verify/errors/expired: dd4273a9b5d5a99594de65f9d4da65ef
    verify/errors/incomplete: 11f272a80cefec5af4c0b205ab12aff8
    verify/errors/unknown: 3f0fee414b6773dded161b1ea1670c0f
    verify/success/title: 2d0b6aab753787ceec620461c2833cdd
    verify/success/description: 4902c9c595bf52302bdcf94e56c1b5c4
    verify/success/continue_to_login: ec0a24e34ba0b7f52a06aac6bd90985d
    verify/error/title: 1a0bfe031eae2c83276fc46e481bad93
    verify/error/request_id: da54914e6fc6d7a046a8c089c46be2fb
    verify/error/back_to_login: 6bcc9859839f32dc2b4295e1565919a4
    verify/contact_support: 32a4dee2033635e334a5f4d34724e3e0
    help/title: 662d807b3768c9753238bd5f1c86d2f6
    help/faq/email_access/title: 066908f14e6e54e684ba9b233277e6ec
    help/faq/email_access/description_before_link: 2e7894512b500b6fbc203a85bc8c7272
    help/faq/email_access/description_link: 462e596d55b481e23f29b5ced669624a
    help/faq/email_access/description_after_link: 569ccc21047e222a846e75e09d897b4d
    help/faq/unknown_error/title: 59849bdbe4ee13a2ee000961e6fed324
    help/faq/unknown_error/description_before_link: db26fa75b5206c50653b5429f2667d27
    help/faq/unknown_error/description_link: 462e596d55b481e23f29b5ced669624a
    help/faq/unknown_error/description_after_link: bdc03a25c208f4363e729cae36b884d3
    help/faq/passkey/title: d1d6a255d1f61937122df61f730aa22f
    help/faq/passkey/description_before_link: db26fa75b5206c50653b5429f2667d27
    help/faq/passkey/description_link: 462e596d55b481e23f29b5ced669624a
    help/faq/passkey/description_after_link: bdc03a25c208f4363e729cae36b884d3
    help/faq/email_delivery/title: ecc2407a7f7eb8e6de52d9af8edf93ec
    help/faq/email_delivery/description_before_link: fc17d79c94b2934e1c17bdea873738bf
    help/faq/email_delivery/description_link: 462e596d55b481e23f29b5ced669624a
    help/faq/email_delivery/description_after_link: 86d7d7b0db11033a349071bf6f3186a1
    help/faq/two_factor/title: 49f4ce0fb3dc8392e68a4142c348dd60
    help/faq/two_factor/description_before_link: 36f6ef4b467cae1a19d4a3fd74d2bc89
    help/faq/two_factor/description_link: ed4ddf2116bef17553f6e7dd4ec36091
    help/faq/two_factor/description_after_link: 317380217b75caf04ad9a92c3a4b314e
    help/still_questions_before_link: 2b3c4fa7f81b970d1f5778fd615c5754
    help/still_questions_link: 462e596d55b481e23f29b5ced669624a
    help/still_questions_after_link: f05f450fffcb17520c441ab9789f40ce
    contact/title: 2a75337dc9603915c4ec1d1905afb7b9
    contact/name_placeholder: d2bb448322a7c5fa95f01c4a088f1108
    contact/email_placeholder: 6eef8fafcdd91745b56dbc2b85db373b
    contact/problem_aria_label: 1e41fd0594cfd7fc234b522df2c3dc57
    contact/problem_placeholder: ca043d2448864253218a84f54f83093f
    contact/problems/email_access: 066908f14e6e54e684ba9b233277e6ec
    contact/problems/passkey: d1d6a255d1f61937122df61f730aa22f
    contact/problems/email_delivery: ecc2407a7f7eb8e6de52d9af8edf93ec
    contact/problems/two_factor: 49f4ce0fb3dc8392e68a4142c348dd60
    contact/problems/other: 79acaa6cd481262bea4e743a422529d2
    contact/subject_placeholder: de5b885eb327b2f233f3b67aab4c4c0a
    contact/message_placeholder: 4571603146ce34160e23dfc95ca53ebf
    contact/submit_button: 487177489aafc9c0243c57ef3850a2d9
    contact/help_hint_before_link: 1e6bfe51ddcd611ab7372e833bef0c5f
    contact/help_hint_link: 064b2ed82ac0ef88472401c6423b45fa
    contact/help_hint_after_link: f05f450fffcb17520c441ab9789f40ce
    register/title: ca6fff459d2a609246282be825db455c
    register/name_placeholder: d2bb448322a7c5fa95f01c4a088f1108
    register/email_placeholder: 6eef8fafcdd91745b56dbc2b85db373b
    register/password_placeholder: 3d70987978a00edac9d5eae5e1703975
    register/submit_button: 3c3c9666b2acc1404eaa89e34e17f946
    register/sign_in_google: f84b1b8574fb23734c002b401cad49e2
    register/enterprise_setup: 10b6b84f6ad6f0eee9ed3b1df6418048
    register/login_text: fe3724cedd9ecef135d67eb4e89b89c9
    register/login_link: 2e5be54a7f9c52ff57cffa828495bb18
    register/terms_text_before_link: 0cebefc68056445583b75c8ce3f5f7f0
    register/terms_link: 5add91f519e39025708e54a7eb7a9fc5
    register/terms_text_middle: ce8b9bb44f031705708a70e068bb73c8
    register/privacy_link: 7459744a63ef8af4e517a09024bd7c08
    register/terms_text_after_link: f05f450fffcb17520c441ab9789f40ce
    register/dashboard_hint/text: 40f7378b35f44743a961920c80658e2b
    register/dashboard_hint/link: d77be88efce2319f0371fa6fb84445da
    register/dashboard_hint/dismiss_label: 93d48adaf3a7a7de5ebfa09090d2e6fa
    register_success/title: abe565fb351418eec4dacded4cc9ac18
    register_success/description: 9dd139b5e535a57944870421e390695a
    register_success/resend: 5cd54dbdd17c450921acf8d4109677d8
    login_success/title: 53fa23cb6790257eb1347bf5ee5b9eb5
    login_success/description: 9ee6fad38a0189872014b799f627a2f2
    login_success/resend: 5cd54dbdd17c450921acf8d4109677d8
    otp/title: 8c6eb062b86bd2813454febe0120b5b9
    otp/description: a522f50dd9ef54ea7640b8202181b99b
    otp/submit_button: fdd40f2bee0b24110f72374ab1fe8732
    otp/backup_before_link: e616e4714feec5cbbe957c374a8f1ce7
    otp/backup_link: f32ecafd6ec34752e62784af79fb425d
    otp_backup/title: 49bac65f8a94cfe1ff1a543955e2a56d
    otp_backup/description: 54c8faa368d69d2fdb665568965a0aeb
    otp_backup/code_placeholder: ce03b7c1ef66754b1776d7cca7282ec9
    otp_backup/submit_button: 80d8e7f888005159033f894a606acf64
    otp_backup/otp_before_link: e37cbc877f4a375b5d6461b7bb7fb32e
    otp_backup/otp_link: f35d13008f930dee4cd300a8ffc792e9
    otp_backup/support_before_link: 42dd0acc657cf7828db05cc5734d6a0b
    otp_backup/support_link: 7f38dcf6e1a6535ccec5a79f60f57242
    otp_backup/support_after_link: 3bb0b975ff090d712c1cb10a4648f734
    meta/login/title: 4688d2800c5d53d112f9578a0defb615
    meta/login/description: 8ed3d0acdae926e75caee04774af72d3
    meta/register/title: f7de9c5a065508b959a1d3b39994e164
    meta/register/description: a241a79ce4482c759a16769a8b75bde7
    meta/register_success/title: b88352a2095ed811652e3958f1bb9b93
    meta/register_success/description: 466b89c9952a7850ef658c7ce1f55f28
    meta/magic_link/title: 5fa747904a37a33dfe422153622d623b
    meta/magic_link/description: f05f9eb7d554beaadee2af49468fcf45
    meta/verify/title: 14f96a445c1b07ab2a3adad8ade7af4f
    meta/verify/description: 8a794934acc9d93d04d28522e9c10095
    meta/otp/title: a1e5f3ccf8bb756221c116f14d480aa9
    meta/otp/description: 5b905aeaaeedd796111f54f001449cdf
    meta/otp_backup/title: 5f54e0e5b7472bfa735e1087ac679ab0
    meta/otp_backup/description: b2a2ace4ab26548d618740b3cbe0a87b
    meta/help/title: abc3f49bfc62d5df21a458bfeb12ac05
    meta/help/description: caf39adef82cdf263e224881c06721ac
    meta/contact/title: 93d77662e53d465583f4c78e5dfb7274
    meta/contact/description: c30a9a6cc480768f903488baf9c75022
