version: 1
checksums:
  4188a166aad2705b4f09401f924502ed:
    home/title: 9d88dfdd6c94ec9a6e2447754a0907fb
    home/subtitle: 7cb31aeafb2916b26edb965f96450b18
    home/description: 2455afc957f0a6a46f20d2a75029a606
    home/features/sendEmails: ac70a56df26ce38e809eb16779e44bae
    home/features/templates: 9a256f6c82a424c39fbfb15d28aab015
    home/features/ai: 241f1be9149b89ae62c944ea39e7d062
    home/cta/primary: 1d5f030c4ec9c869e647ae060518b948
    home/cta/secondary: 8075164dd7bef50e32ec7df3590b2718
    home/cta/github: a624e6956091a93659cd8d37ba864aec
    features/title: 30d19902a66e920b3aacd0d610cf912c
    features/smtp/title: cf40ba88d65893b9c1cee253a5b8e644
    features/smtp/description: 8f0fed83f8126771210fea0c59e32756
    features/api/title: 54c9f8d98f45f50399b6b93ba70af0d6
    features/api/description: 336fe7f2ea220d41fd2fd0eab68b7b75
    features/dashboard/title: d0a89465328439fd258569c78d71f62e
    features/dashboard/description: e656e54c77cf6bdfddf0f91199112a08
    features/templates/title: c750a4b56b20499b9027a4ce85ca2ed3
    features/templates/description: 565d9e5e870f7ac53aedbce7d65491cc
    features/opensource/title: ac71f6b439188c67b533d22a32e052be
    features/opensource/description: cadbb44494329389950747b750125954
    features/monitoring/title: 52f1cf4d53014df2d1d82c3f9196285b
    features/monitoring/description: ea23308a8df3bd648fd3435e14c36491
    status/title: 217867d4d59ffb5e884be024ab28c078
    status/description: 9bf387419bfa07f371a6927a46e07a09
    status/items/infrastructure/title: 055839e3127e7a691af64527f76dda0a
    status/items/infrastructure/description: d5c81fdbee1812aa14375c1743750ef9
    status/items/infrastructure/status: a8ecb1cf7d3a2bc509ce5891c52ce525
    status/items/smtp/title: cf40ba88d65893b9c1cee253a5b8e644
    status/items/smtp/description: 45b87580fff1486cbaab6f4b8a4508fc
    status/items/smtp/status: a8ecb1cf7d3a2bc509ce5891c52ce525
    status/items/api/title: 54c9f8d98f45f50399b6b93ba70af0d6
    status/items/api/description: a6b8d887d26d3a59b946c349e22d59ee
    status/items/api/status: a8ecb1cf7d3a2bc509ce5891c52ce525
    status/items/dashboard/title: d0a89465328439fd258569c78d71f62e
    status/items/dashboard/description: 7e9fe5896400f199a2dbd677a81e1d1f
    status/items/dashboard/status: aa4ca9cd904569ffca7dfe00a1c924c6
    status/items/templates/title: 3bbb446fb9976e398b376d5266972d57
    status/items/templates/description: bd5aa9b924469c51c03966e834315af2
    status/items/templates/status: 13a043dd19e7604f1d0a4e455197998f
    status/items/monitoring/title: 966f8f30c70d90026d5e127b276f8886
    status/items/monitoring/description: 809dbc3e3f1b0a073ac8a3a079d5f569
    status/items/monitoring/status: 13a043dd19e7604f1d0a4e455197998f
    privacy/title: 7459744a63ef8af4e517a09024bd7c08
    privacy/subtitle: a9684296292d4d1dcaf65e4b149efd04
    privacy/description: de49e5083ede2632d0efe20cb28e29a9
    privacy/sections/dataStorage/title: 766f7aaf9d46312225c2dbb54e501800
    privacy/sections/dataStorage/description: 3e9cc4287457c655e95130727bc61972
    privacy/sections/dataUsage/title: 0a9366657dbad02ae667682ffb162b4a
    privacy/sections/dataUsage/description: c7217b8ed027264c087f567b580e9a2c
    privacy/sections/dataRights/title: 9dd2826ba24227b5faa2b4b42918a16c
    privacy/sections/dataRights/description: bcc38d65f47c0921b5960d797a4c0bec
    privacy/sections/contact/title: 2a75337dc9603915c4ec1d1905afb7b9
    privacy/sections/contact/description: f26ad329f21e950162fa43d3dfd68be7
