version: 1
checksums:
  65f0b2bcf7f26084eccbea1631cf7828:
    home_page: aa72464a366b091aa6f2037ca869c09c
    about_page: 2f784e145329f94e29a7fc7df01de7be
    example_message: 81ad3d2c8d7e4374406e50a9f1385b99
    language_label: 277fd1a41cc237a437cd1d5e4a80463b
    current_locale: db08433b966bdc69bae29aced15a1687
    learn_router: c9f8f55cae3ad60c1b06b23a4f76247a
    onboarding_meta_title: 08fefbaa64d75c1e2d89a183eb9a62ab
    onboarding_back: f541015a827e37cb3b1234e56bc2aa3c
    onboarding_continue: b8d1cccacabd4d66f74364570f2df025
    onboarding_create: 757ccd28dd533ff3a933355273c1e32a
    onboarding_steps_label: 49ceb0de115a497ea5c0787af46f5422
    onboarding_name_title: 4a5f28d0ea3de32b52644d69f50200af
    onboarding_workspace_name_label: 855614bbf862fd6a9f6a3e76943f92d4
    onboarding_workspace_name_placeholder: 2e1fddbbc436f78abd619cb219e1f786
    onboarding_workspace_handle_label: de792c4cb197e6159e9e28733aeacb0c
    onboarding_workspace_handle_placeholder: d59e0183d63bc77e3f9902ad02c2c0c3
    onboarding_workspace_handle_help: a595074a8724141bb5e4e97df6a2c86a
    onboarding_domain_title: f1d96fd1949f8f9d6cd02470663a5b92
    onboarding_custom_domain_label: 763db9500246808e5a2643b91cedf0fd
    onboarding_custom_domain_help: df1ad68bf382532e094e6e3f018200d4
    onboarding_domain_label: 1e3c595d808f9131f279449f522f38e8
    onboarding_domain_placeholder: 1401baca1426f52a7b21d383a835a150
    onboarding_current_domain: 0ac75d306ba1db4ecccdc8efc9227639
    onboarding_address_title: 307bdb5565de8e271e99e2e444d4f2c4
    onboarding_address_label: 0bebccbb7eafa3a5944173b6f0fc0271
    onboarding_address_placeholder: 4a43ab95debc984fed2b95c7fc66fdb3
    onboarding_preview: 5315010ff36d8f386c2fabf930f62083
    onboarding_members_title: d580064865f1ac34ea2fa97665d0a4cc
    onboarding_invite_label: 61cf8b43b070f54e1bbf061cf8f89114
    onboarding_invite_input_label: 9475611c1b37ebcd01b23096025f2351
    onboarding_invite_placeholder: a20aec269f13fd81c8fd303c258566ac
    onboarding_remove_invite: 14d9f427d2e156f855ff875d97c061eb
    onboarding_add_invite: 26ee6c7439e99431bd4e8d6181e23ac0
    onboarding_review_title: 299f75db25382980b2895622d7712927
    onboarding_review_workspace: b63ef0e99ee6f7fef6cbe4971ca6cf0f
    onboarding_review_handle: d6f02ed3f524f56e4bc6c0e028c99652
    onboarding_review_address: 547490b36f04271654d1e7251d4953e8
    onboarding_review_members: 0932e80cba1e3e0a7f52bb67ff31da32
    onboarding_members_invited: 03fc98e2b2b3e79e988a49bd47958942
    onboarding_only_you: e1b9afcb44710d1dc730648b13bf8966
    onboarding_not_set: 380482630d60ee2d1531b31246caa467
    onboarding_error_workspace_name: 0ea43276ea118dc9a1b0226c0d03b663
    onboarding_error_workspace_handle: ca55dad2add18a6e993a85c83a197614
    onboarding_error_domain: 74c6684b435ca3b395af917007438021
    onboarding_error_address: f0e30547956424c8b3a8b329e01d456f
    onboarding_error_member_email: a615b67b73c83c6b68b9b96863f57db5
