version: 1
checksums:
  65f0b2bcf7f26084eccbea1631cf7828:
    home_page: aa72464a366b091aa6f2037ca869c09c
    about_page: 2f784e145329f94e29a7fc7df01de7be
    example_message: 81ad3d2c8d7e4374406e50a9f1385b99
    language_label: 277fd1a41cc237a437cd1d5e4a80463b
    current_locale: db08433b966bdc69bae29aced15a1687
    learn_router: c9f8f55cae3ad60c1b06b23a4f76247a
